// !$*UTF8*$!
{
	archiveVersion = 1;
	classes = {
	};
	objectVersion = 77;
	objects = {

/* Begin PBXBuildFile section */
		A1000000000000000000000C /* InnerBalance Watch App.app in Embed Watch Content */ = {isa = PBXBuildFile; fileRef = A20000000000000000000002 /* InnerBalance Watch App.app */; settings = {ATTRIBUTES = (RemoveHeadersOnCopy, ); }; };
		A1000000000000000000000F /* InnerBalanceCore in Frameworks */ = {isa = PBXBuildFile; productRef = A30000000000000000000002 /* InnerBalanceCore */; };
		A2000000000000000000000A /* InnerBalanceCore in Frameworks */ = {isa = PBXBuildFile; productRef = A30000000000000000000003 /* InnerBalanceCore */; };
/* End PBXBuildFile section */

/* Begin PBXContainerItemProxy section */
		A1000000000000000000000E /* PBXContainerItemProxy */ = {
			isa = PBXContainerItemProxy;
			containerPortal = A00000000000000000000001 /* Project object */;
			proxyType = 1;
			remoteGlobalIDString = A20000000000000000000001;
			remoteInfo = "InnerBalance Watch App";
		};
		A4000000000000000000000A /* PBXContainerItemProxy */ = {
			isa = PBXContainerItemProxy;
			containerPortal = A00000000000000000000001 /* Project object */;
			proxyType = 1;
			remoteGlobalIDString = A10000000000000000000001;
			remoteInfo = InnerBalance;
		};
		A5000000000000000000000A /* PBXContainerItemProxy */ = {
			isa = PBXContainerItemProxy;
			containerPortal = A00000000000000000000001 /* Project object */;
			proxyType = 1;
			remoteGlobalIDString = A10000000000000000000001;
			remoteInfo = InnerBalance;
		};
/* End PBXContainerItemProxy section */

/* Begin PBXCopyFilesBuildPhase section */
		A1000000000000000000000B /* Embed Watch Content */ = {
			isa = PBXCopyFilesBuildPhase;
			buildActionMask = 2147483647;
			dstPath = "$(CONTENTS_FOLDER_PATH)/Watch";
			dstSubfolderSpec = 16;
			files = (
				A1000000000000000000000C /* InnerBalance Watch App.app in Embed Watch Content */,
			);
			name = "Embed Watch Content";
			runOnlyForDeploymentPostprocessing = 0;
		};
/* End PBXCopyFilesBuildPhase section */

/* Begin PBXFileReference section */
		A10000000000000000000002 /* InnerBalance.app */ = {isa = PBXFileReference; explicitFileType = wrapper.application; includeInIndex = 0; path = InnerBalance.app; sourceTree = BUILT_PRODUCTS_DIR; };
		A20000000000000000000002 /* InnerBalance Watch App.app */ = {isa = PBXFileReference; explicitFileType = wrapper.application; includeInIndex = 0; path = "InnerBalance Watch App.app"; sourceTree = BUILT_PRODUCTS_DIR; };
		A40000000000000000000002 /* InnerBalanceTests.xctest */ = {isa = PBXFileReference; explicitFileType = wrapper.cfbundle; includeInIndex = 0; path = InnerBalanceTests.xctest; sourceTree = BUILT_PRODUCTS_DIR; };
		A50000000000000000000002 /* InnerBalanceUITests.xctest */ = {isa = PBXFileReference; explicitFileType = wrapper.cfbundle; includeInIndex = 0; path = InnerBalanceUITests.xctest; sourceTree = BUILT_PRODUCTS_DIR; };
/* End PBXFileReference section */

/* Begin PBXFileSystemSynchronizedRootGroup section */
		A10000000000000000000003 /* InnerBalanceApp */ = {
			isa = PBXFileSystemSynchronizedRootGroup;
			path = InnerBalanceApp;
			sourceTree = "<group>";
		};
		A20000000000000000000003 /* InnerBalanceWatch */ = {
			isa = PBXFileSystemSynchronizedRootGroup;
			path = InnerBalanceWatch;
			sourceTree = "<group>";
		};
		A40000000000000000000003 /* InnerBalanceTests */ = {
			isa = PBXFileSystemSynchronizedRootGroup;
			path = InnerBalanceTests;
			sourceTree = "<group>";
		};
		A50000000000000000000003 /* InnerBalanceUITests */ = {
			isa = PBXFileSystemSynchronizedRootGroup;
			path = InnerBalanceUITests;
			sourceTree = "<group>";
		};
/* End PBXFileSystemSynchronizedRootGroup section */

/* Begin PBXFrameworksBuildPhase section */
		A10000000000000000000005 /* Frameworks */ = {
			isa = PBXFrameworksBuildPhase;
			buildActionMask = 2147483647;
			files = (
				A1000000000000000000000F /* InnerBalanceCore in Frameworks */,
			);
			runOnlyForDeploymentPostprocessing = 0;
		};
		A20000000000000000000005 /* Frameworks */ = {
			isa = PBXFrameworksBuildPhase;
			buildActionMask = 2147483647;
			files = (
				A2000000000000000000000A /* InnerBalanceCore in Frameworks */,
			);
			runOnlyForDeploymentPostprocessing = 0;
		};
		A40000000000000000000005 /* Frameworks */ = {
			isa = PBXFrameworksBuildPhase;
			buildActionMask = 2147483647;
			files = (
			);
			runOnlyForDeploymentPostprocessing = 0;
		};
		A50000000000000000000005 /* Frameworks */ = {
			isa = PBXFrameworksBuildPhase;
			buildActionMask = 2147483647;
			files = (
			);
			runOnlyForDeploymentPostprocessing = 0;
		};
/* End PBXFrameworksBuildPhase section */

/* Begin PBXGroup section */
		A00000000000000000000002 = {
			isa = PBXGroup;
			children = (
				A10000000000000000000003 /* InnerBalanceApp */,
				A20000000000000000000003 /* InnerBalanceWatch */,
				A40000000000000000000003 /* InnerBalanceTests */,
				A50000000000000000000003 /* InnerBalanceUITests */,
				A00000000000000000000003 /* Products */,
			);
			sourceTree = "<group>";
		};
		A00000000000000000000003 /* Products */ = {
			isa = PBXGroup;
			children = (
				A10000000000000000000002 /* InnerBalance.app */,
				A20000000000000000000002 /* InnerBalance Watch App.app */,
				A40000000000000000000002 /* InnerBalanceTests.xctest */,
				A50000000000000000000002 /* InnerBalanceUITests.xctest */,
			);
			name = Products;
			sourceTree = "<group>";
		};
/* End PBXGroup section */

/* Begin PBXNativeTarget section */
		A10000000000000000000001 /* InnerBalance */ = {
			isa = PBXNativeTarget;
			buildConfigurationList = A10000000000000000000007 /* Build configuration list for PBXNativeTarget "InnerBalance" */;
			buildPhases = (
				A10000000000000000000004 /* Sources */,
				A10000000000000000000005 /* Frameworks */,
				A10000000000000000000006 /* Resources */,
				A1000000000000000000000B /* Embed Watch Content */,
			);
			buildRules = (
			);
			dependencies = (
				A1000000000000000000000D /* PBXTargetDependency */,
			);
			fileSystemSynchronizedGroups = (
				A10000000000000000000003 /* InnerBalanceApp */,
			);
			name = InnerBalance;
			packageProductDependencies = (
				A30000000000000000000002 /* InnerBalanceCore */,
			);
			productName = InnerBalance;
			productReference = A10000000000000000000002 /* InnerBalance.app */;
			productType = "com.apple.product-type.application";
		};
		A20000000000000000000001 /* InnerBalance Watch App */ = {
			isa = PBXNativeTarget;
			buildConfigurationList = A20000000000000000000007 /* Build configuration list for PBXNativeTarget "InnerBalance Watch App" */;
			buildPhases = (
				A20000000000000000000004 /* Sources */,
				A20000000000000000000005 /* Frameworks */,
				A20000000000000000000006 /* Resources */,
			);
			buildRules = (
			);
			dependencies = (
			);
			fileSystemSynchronizedGroups = (
				A20000000000000000000003 /* InnerBalanceWatch */,
			);
			name = "InnerBalance Watch App";
			packageProductDependencies = (
				A30000000000000000000003 /* InnerBalanceCore */,
			);
			productName = "InnerBalance Watch App";
			productReference = A20000000000000000000002 /* InnerBalance Watch App.app */;
			productType = "com.apple.product-type.application";
		};
		A40000000000000000000001 /* InnerBalanceTests */ = {
			isa = PBXNativeTarget;
			buildConfigurationList = A40000000000000000000007 /* Build configuration list for PBXNativeTarget "InnerBalanceTests" */;
			buildPhases = (
				A40000000000000000000004 /* Sources */,
				A40000000000000000000005 /* Frameworks */,
				A40000000000000000000006 /* Resources */,
			);
			buildRules = (
			);
			dependencies = (
				A40000000000000000000009 /* PBXTargetDependency */,
			);
			fileSystemSynchronizedGroups = (
				A40000000000000000000003 /* InnerBalanceTests */,
			);
			name = InnerBalanceTests;
			packageProductDependencies = (
			);
			productName = InnerBalanceTests;
			productReference = A40000000000000000000002 /* InnerBalanceTests.xctest */;
			productType = "com.apple.product-type.bundle.unit-test";
		};
		A50000000000000000000001 /* InnerBalanceUITests */ = {
			isa = PBXNativeTarget;
			buildConfigurationList = A50000000000000000000007 /* Build configuration list for PBXNativeTarget "InnerBalanceUITests" */;
			buildPhases = (
				A50000000000000000000004 /* Sources */,
				A50000000000000000000005 /* Frameworks */,
				A50000000000000000000006 /* Resources */,
			);
			buildRules = (
			);
			dependencies = (
				A5000000000000000000000B /* PBXTargetDependency */,
			);
			fileSystemSynchronizedGroups = (
				A50000000000000000000003 /* InnerBalanceUITests */,
			);
			name = InnerBalanceUITests;
			packageProductDependencies = (
			);
			productName = InnerBalanceUITests;
			productReference = A50000000000000000000002 /* InnerBalanceUITests.xctest */;
			productType = "com.apple.product-type.bundle.ui-testing";
		};
/* End PBXNativeTarget section */

/* Begin PBXProject section */
		A00000000000000000000001 /* Project object */ = {
			isa = PBXProject;
			attributes = {
				BuildIndependentTargetsInParallel = 1;
				LastSwiftUpdateCheck = 2660;
				LastUpgradeCheck = 2660;
				TargetAttributes = {
					A10000000000000000000001 = {
						CreatedOnToolsVersion = 26.6;
					};
					A20000000000000000000001 = {
						CreatedOnToolsVersion = 26.6;
					};
					A40000000000000000000001 = {
						CreatedOnToolsVersion = 26.6;
						TestTargetID = A10000000000000000000001;
					};
					A50000000000000000000001 = {
						CreatedOnToolsVersion = 26.6;
						TestTargetID = A10000000000000000000001;
					};
				};
			};
			buildConfigurationList = A00000000000000000000004 /* Build configuration list for PBXProject "InnerBalance" */;
			developmentRegion = "zh-Hans";
			hasScannedForEncodings = 0;
			knownRegions = (
				"zh-Hans",
				en,
				Base,
			);
			mainGroup = A00000000000000000000002;
			minimizedProjectReferenceProxies = 1;
			packageReferences = (
				A30000000000000000000001 /* XCLocalSwiftPackageReference "../InnerBalanceCore" */,
			);
			preferredProjectObjectVersion = 77;
			productRefGroup = A00000000000000000000003 /* Products */;
			projectDirPath = "";
			projectRoot = "";
			targets = (
				A10000000000000000000001 /* InnerBalance */,
				A20000000000000000000001 /* InnerBalance Watch App */,
				A40000000000000000000001 /* InnerBalanceTests */,
				A50000000000000000000001 /* InnerBalanceUITests */,
			);
		};
/* End PBXProject section */

/* Begin PBXResourcesBuildPhase section */
		A10000000000000000000006 /* Resources */ = {
			isa = PBXResourcesBuildPhase;
			buildActionMask = 2147483647;
			files = (
			);
			runOnlyForDeploymentPostprocessing = 0;
		};
		A20000000000000000000006 /* Resources */ = {
			isa = PBXResourcesBuildPhase;
			buildActionMask = 2147483647;
			files = (
			);
			runOnlyForDeploymentPostprocessing = 0;
		};
		A40000000000000000000006 /* Resources */ = {
			isa = PBXResourcesBuildPhase;
			buildActionMask = 2147483647;
			files = (
			);
			runOnlyForDeploymentPostprocessing = 0;
		};
		A50000000000000000000006 /* Resources */ = {
			isa = PBXResourcesBuildPhase;
			buildActionMask = 2147483647;
			files = (
			);
			runOnlyForDeploymentPostprocessing = 0;
		};
/* End PBXResourcesBuildPhase section */

/* Begin PBXSourcesBuildPhase section */
		A10000000000000000000004 /* Sources */ = {
			isa = PBXSourcesBuildPhase;
			buildActionMask = 2147483647;
			files = (
			);
			runOnlyForDeploymentPostprocessing = 0;
		};
		A20000000000000000000004 /* Sources */ = {
			isa = PBXSourcesBuildPhase;
			buildActionMask = 2147483647;
			files = (
			);
			runOnlyForDeploymentPostprocessing = 0;
		};
		A40000000000000000000004 /* Sources */ = {
			isa = PBXSourcesBuildPhase;
			buildActionMask = 2147483647;
			files = (
			);
			runOnlyForDeploymentPostprocessing = 0;
		};
		A50000000000000000000004 /* Sources */ = {
			isa = PBXSourcesBuildPhase;
			buildActionMask = 2147483647;
			files = (
			);
			runOnlyForDeploymentPostprocessing = 0;
		};
/* End PBXSourcesBuildPhase section */

/* Begin PBXTargetDependency section */
		A1000000000000000000000D /* PBXTargetDependency */ = {
			isa = PBXTargetDependency;
			target = A20000000000000000000001 /* InnerBalance Watch App */;
			targetProxy = A1000000000000000000000E /* PBXContainerItemProxy */;
		};
		A40000000000000000000009 /* PBXTargetDependency */ = {
			isa = PBXTargetDependency;
			target = A10000000000000000000001 /* InnerBalance */;
			targetProxy = A4000000000000000000000A /* PBXContainerItemProxy */;
		};
		A5000000000000000000000B /* PBXTargetDependency */ = {
			isa = PBXTargetDependency;
			target = A10000000000000000000001 /* InnerBalance */;
			targetProxy = A5000000000000000000000A /* PBXContainerItemProxy */;
		};
/* End PBXTargetDependency section */

/* Begin XCBuildConfiguration section */
		A00000000000000000000005 /* Debug */ = {
			isa = XCBuildConfiguration;
			buildSettings = {
				ALWAYS_SEARCH_USER_PATHS = NO;
				ASSETCATALOG_COMPILER_GENERATE_SWIFT_ASSET_SYMBOL_EXTENSIONS = YES;
				CLANG_ANALYZER_NONNULL = YES;
				CLANG_ANALYZER_NUMBER_OBJECT_CONVERSION = YES_AGGRESSIVE;
				CLANG_CXX_LANGUAGE_STANDARD = "gnu++20";
				CLANG_ENABLE_MODULES = YES;
				CLANG_ENABLE_OBJC_ARC = YES;
				CLANG_ENABLE_OBJC_WEAK = YES;
				CLANG_WARN_BLOCK_CAPTURE_AUTORELEASING = YES;
				CLANG_WARN_BOOL_CONVERSION = YES;
				CLANG_WARN_COMMA = YES;
				CLANG_WARN_CONSTANT_CONVERSION = YES;
				CLANG_WARN_DEPRECATED_OBJC_IMPLEMENTATIONS = YES;
				CLANG_WARN_DIRECT_OBJC_ISA_USAGE = YES_ERROR;
				CLANG_WARN_DOCUMENTATION_COMMENTS = YES;
				CLANG_WARN_EMPTY_BODY = YES;
				CLANG_WARN_ENUM_CONVERSION = YES;
				CLANG_WARN_INFINITE_RECURSION = YES;
				CLANG_WARN_INT_CONVERSION = YES;
				CLANG_WARN_NON_LITERAL_NULL_CONVERSION = YES;
				CLANG_WARN_OBJC_IMPLICIT_RETAIN_SELF = YES;
				CLANG_WARN_OBJC_LITERAL_CONVERSION = YES;
				CLANG_WARN_OBJC_ROOT_CLASS = YES_ERROR;
				CLANG_WARN_QUOTED_INCLUDE_IN_FRAMEWORK_HEADER = YES;
				CLANG_WARN_RANGE_LOOP_ANALYSIS = YES;
				CLANG_WARN_STRICT_PROTOTYPES = YES;
				CLANG_WARN_SUSPICIOUS_MOVE = YES;
				CLANG_WARN_UNGUARDED_AVAILABILITY = YES_AGGRESSIVE;
				CLANG_WARN_UNREACHABLE_CODE = YES;
				CLANG_WARN__DUPLICATE_METHOD_MATCH = YES;
				COPY_PHASE_STRIP = NO;
				DEBUG_INFORMATION_FORMAT = dwarf;
				ENABLE_STRICT_OBJC_MSGSEND = YES;
				ENABLE_TESTABILITY = YES;
				ENABLE_USER_SCRIPT_SANDBOXING = YES;
				GCC_C_LANGUAGE_STANDARD = gnu17;
				GCC_DYNAMIC_NO_PIC = NO;
				GCC_NO_COMMON_BLOCKS = YES;
				GCC_OPTIMIZATION_LEVEL = 0;
				GCC_PREPROCESSOR_DEFINITIONS = (
					"DEBUG=1",
					"$(inherited)",
				);
				GCC_WARN_64_TO_32_BIT_CONVERSION = YES;
				GCC_WARN_ABOUT_RETURN_TYPE = YES_ERROR;
				GCC_WARN_UNDECLARED_SELECTOR = YES;
				GCC_WARN_UNINITIALIZED_AUTOS = YES_AGGRESSIVE;
				GCC_WARN_UNUSED_FUNCTION = YES;
				GCC_WARN_UNUSED_VARIABLE = YES;
				LOCALIZATION_PREFERS_STRING_CATALOGS = YES;
				MTL_ENABLE_DEBUG_INFO = INCLUDE_SOURCE;
				MTL_FAST_MATH = YES;
				ONLY_ACTIVE_ARCH = YES;
				SWIFT_ACTIVE_COMPILATION_CONDITIONS = "DEBUG $(inherited)";
				SWIFT_OPTIMIZATION_LEVEL = "-Onone";
			};
			name = Debug;
		};
		A00000000000000000000006 /* Release */ = {
			isa = XCBuildConfiguration;
			buildSettings = {
				ALWAYS_SEARCH_USER_PATHS = NO;
				ASSETCATALOG_COMPILER_GENERATE_SWIFT_ASSET_SYMBOL_EXTENSIONS = YES;
				CLANG_ANALYZER_NONNULL = YES;
				CLANG_ANALYZER_NUMBER_OBJECT_CONVERSION = YES_AGGRESSIVE;
				CLANG_CXX_LANGUAGE_STANDARD = "gnu++20";
				CLANG_ENABLE_MODULES = YES;
				CLANG_ENABLE_OBJC_ARC = YES;
				CLANG_ENABLE_OBJC_WEAK = YES;
				CLANG_WARN_BLOCK_CAPTURE_AUTORELEASING = YES;
				CLANG_WARN_BOOL_CONVERSION = YES;
				CLANG_WARN_COMMA = YES;
				CLANG_WARN_CONSTANT_CONVERSION = YES;
				CLANG_WARN_DEPRECATED_OBJC_IMPLEMENTATIONS = YES;
				CLANG_WARN_DIRECT_OBJC_ISA_USAGE = YES_ERROR;
				CLANG_WARN_DOCUMENTATION_COMMENTS = YES;
				CLANG_WARN_EMPTY_BODY = YES;
				CLANG_WARN_ENUM_CONVERSION = YES;
				CLANG_WARN_INFINITE_RECURSION = YES;
				CLANG_WARN_INT_CONVERSION = YES;
				CLANG_WARN_NON_LITERAL_NULL_CONVERSION = YES;
				CLANG_WARN_OBJC_IMPLICIT_RETAIN_SELF = YES;
				CLANG_WARN_OBJC_LITERAL_CONVERSION = YES;
				CLANG_WARN_OBJC_ROOT_CLASS = YES_ERROR;
				CLANG_WARN_QUOTED_INCLUDE_IN_FRAMEWORK_HEADER = YES;
				CLANG_WARN_RANGE_LOOP_ANALYSIS = YES;
				CLANG_WARN_STRICT_PROTOTYPES = YES;
				CLANG_WARN_SUSPICIOUS_MOVE = YES;
				CLANG_WARN_UNGUARDED_AVAILABILITY = YES_AGGRESSIVE;
				CLANG_WARN_UNREACHABLE_CODE = YES;
				CLANG_WARN__DUPLICATE_METHOD_MATCH = YES;
				COPY_PHASE_STRIP = NO;
				DEBUG_INFORMATION_FORMAT = "dwarf-with-dsym";
				ENABLE_NS_ASSERTIONS = NO;
				ENABLE_STRICT_OBJC_MSGSEND = YES;
				ENABLE_USER_SCRIPT_SANDBOXING = YES;
				GCC_C_LANGUAGE_STANDARD = gnu17;
				GCC_NO_COMMON_BLOCKS = YES;
				GCC_WARN_64_TO_32_BIT_CONVERSION = YES;
				GCC_WARN_ABOUT_RETURN_TYPE = YES_ERROR;
				GCC_WARN_UNDECLARED_SELECTOR = YES;
				GCC_WARN_UNINITIALIZED_AUTOS = YES_AGGRESSIVE;
				GCC_WARN_UNUSED_FUNCTION = YES;
				GCC_WARN_UNUSED_VARIABLE = YES;
				LOCALIZATION_PREFERS_STRING_CATALOGS = YES;
				MTL_ENABLE_DEBUG_INFO = NO;
				MTL_FAST_MATH = YES;
				SWIFT_COMPILATION_MODE = wholemodule;
				VALIDATE_PRODUCT = YES;
			};
			name = Release;
		};
		A10000000000000000000008 /* Debug */ = {
			isa = XCBuildConfiguration;
			buildSettings = {
				ASSETCATALOG_COMPILER_APPICON_NAME = AppIcon;
				ASSETCATALOG_COMPILER_GLOBAL_ACCENT_COLOR_NAME = AccentColor;
				CODE_SIGN_ENTITLEMENTS = InnerBalanceApp/InnerBalance.entitlements;
				CODE_SIGN_STYLE = Automatic;
				CURRENT_PROJECT_VERSION = 1;
				DEVELOPMENT_TEAM = "";
				ENABLE_PREVIEWS = YES;
				GENERATE_INFOPLIST_FILE = YES;
				INFOPLIST_FILE = Configuration/InnerBalance-Info.plist;
				INFOPLIST_KEY_CFBundleDisplayName = "方寸";
				INFOPLIST_KEY_ITSAppUsesNonExemptEncryption = NO;
				INFOPLIST_KEY_NSHealthShareUsageDescription = "方寸读取 Apple Watch 的 HRV、静息心率、睡眠和近期训练，用于建立你的个人身体负荷基线。";
				INFOPLIST_KEY_NSHealthUpdateUsageDescription = "方寸将你主动提交的心境和完成的正念练习写入 Apple 健康，便于在你的苹果设备间查看。";
				INFOPLIST_KEY_UIApplicationSceneManifest_Generation = YES;
				INFOPLIST_KEY_UIApplicationSupportsIndirectInputEvents = YES;
				INFOPLIST_KEY_UILaunchStoryboardName = FangcunLaunch;
				INFOPLIST_KEY_UISupportedInterfaceOrientations_iPhone = UIInterfaceOrientationPortrait;
				IPHONEOS_DEPLOYMENT_TARGET = 18.0;
				LD_RUNPATH_SEARCH_PATHS = (
					"$(inherited)",
					"@executable_path/Frameworks",
				);
				MARKETING_VERSION = 1.0.0;
				PRODUCT_BUNDLE_IDENTIFIER = com.yvainair.InnerBalance;
				PRODUCT_NAME = "$(TARGET_NAME)";
				SDKROOT = iphoneos;
				STRING_CATALOG_GENERATE_SYMBOLS = YES;
				SUPPORTED_PLATFORMS = "iphoneos iphonesimulator";
				SUPPORTS_MACCATALYST = NO;
				SUPPORTS_MAC_DESIGNED_FOR_IPHONE_IPAD = NO;
				SWIFT_APPROACHABLE_CONCURRENCY = YES;
				SWIFT_DEFAULT_ACTOR_ISOLATION = MainActor;
				SWIFT_EMIT_LOC_STRINGS = YES;
				SWIFT_UPCOMING_FEATURE_MEMBER_IMPORT_VISIBILITY = YES;
				SWIFT_STRICT_CONCURRENCY = complete;
				SWIFT_VERSION = 6.0;
				TARGETED_DEVICE_FAMILY = 1;
			};
			name = Debug;
		};
		A10000000000000000000009 /* Release */ = {
			isa = XCBuildConfiguration;
			buildSettings = {
				ASSETCATALOG_COMPILER_APPICON_NAME = AppIcon;
				ASSETCATALOG_COMPILER_GLOBAL_ACCENT_COLOR_NAME = AccentColor;
				CODE_SIGN_ENTITLEMENTS = InnerBalanceApp/InnerBalance.entitlements;
				CODE_SIGN_STYLE = Automatic;
				CURRENT_PROJECT_VERSION = 1;
				DEVELOPMENT_TEAM = "";
				ENABLE_PREVIEWS = YES;
				GENERATE_INFOPLIST_FILE = YES;
				INFOPLIST_FILE = Configuration/InnerBalance-Info.plist;
				INFOPLIST_KEY_CFBundleDisplayName = "方寸";
				INFOPLIST_KEY_ITSAppUsesNonExemptEncryption = NO;
				INFOPLIST_KEY_NSHealthShareUsageDescription = "方寸读取 Apple Watch 的 HRV、静息心率、睡眠和近期训练，用于建立你的个人身体负荷基线。";
				INFOPLIST_KEY_NSHealthUpdateUsageDescription = "方寸将你主动提交的心境和完成的正念练习写入 Apple 健康，便于在你的苹果设备间查看。";
				INFOPLIST_KEY_UIApplicationSceneManifest_Generation = YES;
				INFOPLIST_KEY_UIApplicationSupportsIndirectInputEvents = YES;
				INFOPLIST_KEY_UILaunchStoryboardName = FangcunLaunch;
				INFOPLIST_KEY_UISupportedInterfaceOrientations_iPhone = UIInterfaceOrientationPortrait;
				IPHONEOS_DEPLOYMENT_TARGET = 18.0;
				LD_RUNPATH_SEARCH_PATHS = (
					"$(inherited)",
					"@executable_path/Frameworks",
				);
				MARKETING_VERSION = 1.0.0;
				PRODUCT_BUNDLE_IDENTIFIER = com.yvainair.InnerBalance;
				PRODUCT_NAME = "$(TARGET_NAME)";
				SDKROOT = iphoneos;
				STRING_CATALOG_GENERATE_SYMBOLS = YES;
				SUPPORTED_PLATFORMS = "iphoneos iphonesimulator";
				SUPPORTS_MACCATALYST = NO;
				SUPPORTS_MAC_DESIGNED_FOR_IPHONE_IPAD = NO;
				SWIFT_APPROACHABLE_CONCURRENCY = YES;
				SWIFT_DEFAULT_ACTOR_ISOLATION = MainActor;
				SWIFT_EMIT_LOC_STRINGS = YES;
				SWIFT_UPCOMING_FEATURE_MEMBER_IMPORT_VISIBILITY = YES;
				SWIFT_STRICT_CONCURRENCY = complete;
				SWIFT_VERSION = 6.0;
				TARGETED_DEVICE_FAMILY = 1;
			};
			name = Release;
		};
		A20000000000000000000008 /* Debug */ = {
			isa = XCBuildConfiguration;
			buildSettings = {
				ASSETCATALOG_COMPILER_APPICON_NAME = AppIcon;
				ASSETCATALOG_COMPILER_GLOBAL_ACCENT_COLOR_NAME = AccentColor;
				CODE_SIGN_ENTITLEMENTS = InnerBalanceWatch/InnerBalanceWatch.entitlements;
				CODE_SIGN_STYLE = Automatic;
				CURRENT_PROJECT_VERSION = 1;
				DEVELOPMENT_TEAM = "";
				ENABLE_PREVIEWS = YES;
				GENERATE_INFOPLIST_FILE = YES;
				INFOPLIST_FILE = Configuration/InnerBalanceWatch-Info.plist;
				INFOPLIST_KEY_CFBundleDisplayName = "方寸";
				INFOPLIST_KEY_ITSAppUsesNonExemptEncryption = NO;
				INFOPLIST_KEY_NSHealthShareUsageDescription = "方寸只在你主动开启身体证据练习时读取心率，用于描述本次练习中的变化。";
				INFOPLIST_KEY_NSHealthUpdateUsageDescription = "方寸将你在手表上主动提交的心境和正念练习写入 Apple 健康；身体证据模式需要训练写入权限来启动传感器采样。";
				INFOPLIST_KEY_UISupportedInterfaceOrientations = "UIInterfaceOrientationPortrait UIInterfaceOrientationPortraitUpsideDown";
				INFOPLIST_KEY_WKCompanionAppBundleIdentifier = com.yvainair.InnerBalance;
				LD_RUNPATH_SEARCH_PATHS = (
					"$(inherited)",
					"@executable_path/Frameworks",
				);
				MARKETING_VERSION = 1.0.0;
				PRODUCT_BUNDLE_IDENTIFIER = com.yvainair.InnerBalance.watchkitapp;
				PRODUCT_NAME = "$(TARGET_NAME)";
				SDKROOT = watchos;
				SKIP_INSTALL = YES;
				STRING_CATALOG_GENERATE_SYMBOLS = YES;
				SUPPORTED_PLATFORMS = "watchos watchsimulator";
				SWIFT_APPROACHABLE_CONCURRENCY = YES;
				SWIFT_DEFAULT_ACTOR_ISOLATION = MainActor;
				SWIFT_EMIT_LOC_STRINGS = YES;
				SWIFT_UPCOMING_FEATURE_MEMBER_IMPORT_VISIBILITY = YES;
				SWIFT_STRICT_CONCURRENCY = complete;
				SWIFT_VERSION = 6.0;
				TARGETED_DEVICE_FAMILY = 4;
				WATCHOS_DEPLOYMENT_TARGET = 11.0;
			};
			name = Debug;
		};
		A20000000000000000000009 /* Release */ = {
			isa = XCBuildConfiguration;
			buildSettings = {
				ASSETCATALOG_COMPILER_APPICON_NAME = AppIcon;
				ASSETCATALOG_COMPILER_GLOBAL_ACCENT_COLOR_NAME = AccentColor;
				CODE_SIGN_ENTITLEMENTS = InnerBalanceWatch/InnerBalanceWatch.entitlements;
				CODE_SIGN_STYLE = Automatic;
				CURRENT_PROJECT_VERSION = 1;
				DEVELOPMENT_TEAM = "";
				ENABLE_PREVIEWS = YES;
				GENERATE_INFOPLIST_FILE = YES;
				INFOPLIST_FILE = Configuration/InnerBalanceWatch-Info.plist;
				INFOPLIST_KEY_CFBundleDisplayName = "方寸";
				INFOPLIST_KEY_ITSAppUsesNonExemptEncryption = NO;
				INFOPLIST_KEY_NSHealthShareUsageDescription = "方寸只在你主动开启身体证据练习时读取心率，用于描述本次练习中的变化。";
				INFOPLIST_KEY_NSHealthUpdateUsageDescription = "方寸将你在手表上主动提交的心境和正念练习写入 Apple 健康；身体证据模式需要训练写入权限来启动传感器采样。";
				INFOPLIST_KEY_UISupportedInterfaceOrientations = "UIInterfaceOrientationPortrait UIInterfaceOrientationPortraitUpsideDown";
				INFOPLIST_KEY_WKCompanionAppBundleIdentifier = com.yvainair.InnerBalance;
				LD_RUNPATH_SEARCH_PATHS = (
					"$(inherited)",
					"@executable_path/Frameworks",
				);
				MARKETING_VERSION = 1.0.0;
				PRODUCT_BUNDLE_IDENTIFIER = com.yvainair.InnerBalance.watchkitapp;
				PRODUCT_NAME = "$(TARGET_NAME)";
				SDKROOT = watchos;
				SKIP_INSTALL = YES;
				STRING_CATALOG_GENERATE_SYMBOLS = YES;
				SUPPORTED_PLATFORMS = "watchos watchsimulator";
				SWIFT_APPROACHABLE_CONCURRENCY = YES;
				SWIFT_DEFAULT_ACTOR_ISOLATION = MainActor;
				SWIFT_EMIT_LOC_STRINGS = YES;
				SWIFT_UPCOMING_FEATURE_MEMBER_IMPORT_VISIBILITY = YES;
				SWIFT_STRICT_CONCURRENCY = complete;
				SWIFT_VERSION = 6.0;
				TARGETED_DEVICE_FAMILY = 4;
				WATCHOS_DEPLOYMENT_TARGET = 11.0;
			};
			name = Release;
		};
		A40000000000000000000008 /* Debug */ = {
			isa = XCBuildConfiguration;
			buildSettings = {
				BUNDLE_LOADER = "$(TEST_HOST)";
				CODE_SIGN_STYLE = Automatic;
				CURRENT_PROJECT_VERSION = 1;
				DEVELOPMENT_TEAM = "";
				GENERATE_INFOPLIST_FILE = YES;
				IPHONEOS_DEPLOYMENT_TARGET = 18.0;
				MARKETING_VERSION = 1.0.0;
				PRODUCT_BUNDLE_IDENTIFIER = com.yvainair.InnerBalanceTests;
				PRODUCT_NAME = "$(TARGET_NAME)";
				SDKROOT = iphoneos;
				SUPPORTED_PLATFORMS = "iphoneos iphonesimulator";
				SWIFT_APPROACHABLE_CONCURRENCY = YES;
				SWIFT_DEFAULT_ACTOR_ISOLATION = MainActor;
				SWIFT_STRICT_CONCURRENCY = complete;
				SWIFT_VERSION = 6.0;
				TARGETED_DEVICE_FAMILY = 1;
				TEST_HOST = "$(BUILT_PRODUCTS_DIR)/InnerBalance.app/$(BUNDLE_EXECUTABLE_FOLDER_PATH)/InnerBalance";
			};
			name = Debug;
		};
		A4000000000000000000000B /* Release */ = {
			isa = XCBuildConfiguration;
			buildSettings = {
				BUNDLE_LOADER = "$(TEST_HOST)";
				CODE_SIGN_STYLE = Automatic;
				CURRENT_PROJECT_VERSION = 1;
				DEVELOPMENT_TEAM = "";
				GENERATE_INFOPLIST_FILE = YES;
				IPHONEOS_DEPLOYMENT_TARGET = 18.0;
				MARKETING_VERSION = 1.0.0;
				PRODUCT_BUNDLE_IDENTIFIER = com.yvainair.InnerBalanceTests;
				PRODUCT_NAME = "$(TARGET_NAME)";
				SDKROOT = iphoneos;
				SUPPORTED_PLATFORMS = "iphoneos iphonesimulator";
				SWIFT_APPROACHABLE_CONCURRENCY = YES;
				SWIFT_DEFAULT_ACTOR_ISOLATION = MainActor;
				SWIFT_STRICT_CONCURRENCY = complete;
				SWIFT_VERSION = 6.0;
				TARGETED_DEVICE_FAMILY = 1;
				TEST_HOST = "$(BUILT_PRODUCTS_DIR)/InnerBalance.app/$(BUNDLE_EXECUTABLE_FOLDER_PATH)/InnerBalance";
			};
			name = Release;
		};
		A50000000000000000000008 /* Debug */ = {
			isa = XCBuildConfiguration;
			buildSettings = {
				CODE_SIGN_STYLE = Automatic;
				CURRENT_PROJECT_VERSION = 1;
				DEVELOPMENT_TEAM = "";
				GENERATE_INFOPLIST_FILE = YES;
				IPHONEOS_DEPLOYMENT_TARGET = 18.0;
				MARKETING_VERSION = 1.0.0;
				PRODUCT_BUNDLE_IDENTIFIER = com.yvainair.InnerBalanceUITests;
				PRODUCT_NAME = "$(TARGET_NAME)";
				SDKROOT = iphoneos;
				SUPPORTED_PLATFORMS = "iphoneos iphonesimulator";
				SWIFT_APPROACHABLE_CONCURRENCY = YES;
				SWIFT_STRICT_CONCURRENCY = complete;
				SWIFT_VERSION = 6.0;
				TARGETED_DEVICE_FAMILY = 1;
				TEST_TARGET_NAME = InnerBalance;
			};
			name = Debug;
		};
		A50000000000000000000009 /* Release */ = {
			isa = XCBuildConfiguration;
			buildSettings = {
				CODE_SIGN_STYLE = Automatic;
				CURRENT_PROJECT_VERSION = 1;
				DEVELOPMENT_TEAM = "";
				GENERATE_INFOPLIST_FILE = YES;
				IPHONEOS_DEPLOYMENT_TARGET = 18.0;
				MARKETING_VERSION = 1.0.0;
				PRODUCT_BUNDLE_IDENTIFIER = com.yvainair.InnerBalanceUITests;
				PRODUCT_NAME = "$(TARGET_NAME)";
				SDKROOT = iphoneos;
				SUPPORTED_PLATFORMS = "iphoneos iphonesimulator";
				SWIFT_APPROACHABLE_CONCURRENCY = YES;
				SWIFT_STRICT_CONCURRENCY = complete;
				SWIFT_VERSION = 6.0;
				TARGETED_DEVICE_FAMILY = 1;
				TEST_TARGET_NAME = InnerBalance;
			};
			name = Release;
		};
/* End XCBuildConfiguration section */

/* Begin XCConfigurationList section */
		A00000000000000000000004 /* Build configuration list for PBXProject "InnerBalance" */ = {
			isa = XCConfigurationList;
			buildConfigurations = (
				A00000000000000000000005 /* Debug */,
				A00000000000000000000006 /* Release */,
			);
			defaultConfigurationIsVisible = 0;
			defaultConfigurationName = Release;
		};
		A10000000000000000000007 /* Build configuration list for PBXNativeTarget "InnerBalance" */ = {
			isa = XCConfigurationList;
			buildConfigurations = (
				A10000000000000000000008 /* Debug */,
				A10000000000000000000009 /* Release */,
			);
			defaultConfigurationIsVisible = 0;
			defaultConfigurationName = Release;
		};
		A20000000000000000000007 /* Build configuration list for PBXNativeTarget "InnerBalance Watch App" */ = {
			isa = XCConfigurationList;
			buildConfigurations = (
				A20000000000000000000008 /* Debug */,
				A20000000000000000000009 /* Release */,
			);
			defaultConfigurationIsVisible = 0;
			defaultConfigurationName = Release;
		};
		A40000000000000000000007 /* Build configuration list for PBXNativeTarget "InnerBalanceTests" */ = {
			isa = XCConfigurationList;
			buildConfigurations = (
				A40000000000000000000008 /* Debug */,
				A4000000000000000000000B /* Release */,
			);
			defaultConfigurationIsVisible = 0;
			defaultConfigurationName = Release;
		};
		A50000000000000000000007 /* Build configuration list for PBXNativeTarget "InnerBalanceUITests" */ = {
			isa = XCConfigurationList;
			buildConfigurations = (
				A50000000000000000000008 /* Debug */,
				A50000000000000000000009 /* Release */,
			);
			defaultConfigurationIsVisible = 0;
			defaultConfigurationName = Release;
		};
/* End XCConfigurationList section */

/* Begin XCLocalSwiftPackageReference section */
		A30000000000000000000001 /* XCLocalSwiftPackageReference "../InnerBalanceCore" */ = {
			isa = XCLocalSwiftPackageReference;
			relativePath = ../InnerBalanceCore;
		};
/* End XCLocalSwiftPackageReference section */

/* Begin XCSwiftPackageProductDependency section */
		A30000000000000000000002 /* InnerBalanceCore */ = {
			isa = XCSwiftPackageProductDependency;
			package = A30000000000000000000001 /* XCLocalSwiftPackageReference "../InnerBalanceCore" */;
			productName = InnerBalanceCore;
		};
		A30000000000000000000003 /* InnerBalanceCore */ = {
			isa = XCSwiftPackageProductDependency;
			package = A30000000000000000000001 /* XCLocalSwiftPackageReference "../InnerBalanceCore" */;
			productName = InnerBalanceCore;
		};
/* End XCSwiftPackageProductDependency section */
	};
	rootObject = A00000000000000000000001 /* Project object */;
}
